
Microsoft Visual Studio Solution File, Format Version 12.00
# Visual Studio 2015
Project("{FAE04EC0-301F-11D3-BF4B-00C04F79EFBC}") = "PruebasTaller3.CSharp", "PruebasTaller3.CSharp.csproj", "{BBBD3558-7208-F774-F5A2-C963ED02F9B1}"
EndProject
Global
	GlobalSection(SolutionConfigurationPlatforms) = preSolution
		Debug|Any CPU = Debug|Any CPU
		Release|Any CPU = Release|Any CPU
	EndGlobalSection
	GlobalSection(ProjectConfigurationPlatforms) = postSolution
		{BBBD3558-7208-F774-F5A2-C963ED02F9B1}.Debug|Any CPU.ActiveCfg = Debug|Any CPU
		{BBBD3558-7208-F774-F5A2-C963ED02F9B1}.Debug|Any CPU.Build.0 = Debug|Any CPU
		{BBBD3558-7208-F774-F5A2-C963ED02F9B1}.Release|Any CPU.ActiveCfg = Release|Any CPU
		{BBBD3558-7208-F774-F5A2-C963ED02F9B1}.Release|Any CPU.Build.0 = Release|Any CPU
	EndGlobalSection
	GlobalSection(SolutionProperties) = preSolution
		HideSolutionNode = FALSE
	EndGlobalSection
EndGlobal
